# This is a Gradle generated file for dependency locking.
# Manual edits can break the build and are not advised.
# This file is expected to be part of source control.
cglib:cglib:3.2.8=testRuntimeClasspath
com.fasterxml.jackson.core:jackson-annotations:2.15.3=runtimeClasspath,testRuntimeClasspath
com.fasterxml.jackson.core:jackson-core:2.15.3=runtimeClasspath,testRuntimeClasspath
com.fasterxml.jackson.core:jackson-databind:2.15.3=runtimeClasspath,testRuntimeClasspath
com.fasterxml.jackson:jackson-bom:2.15.3=runtimeClasspath,testRuntimeClasspath
com.google.code.findbugs:annotations:3.0.1=testCompileClasspath,testRuntimeClasspath
com.google.code.findbugs:jsr305:3.0.2=annotationProcessor,compileClasspath,runtimeClasspath,testCompileClasspath,testRuntimeClasspath
com.google.dagger:dagger-compiler:2.51.1=annotationProcessor
com.google.dagger:dagger-spi:2.51.1=annotationProcessor
com.google.dagger:dagger:2.51.1=annotationProcessor,compileClasspath,runtimeClasspath,testCompileClasspath,testRuntimeClasspath
com.google.devtools.ksp:symbol-processing-api:1.9.20-1.0.14=annotationProcessor
com.google.errorprone:error_prone_annotations:2.23.0=annotationProcessor
com.google.errorprone:javac-shaded:9-dev-r4023-3=annotationProcessor
com.google.googlejavaformat:google-java-format:1.5=annotationProcessor
com.google.guava:failureaccess:1.0.2=annotationProcessor
com.google.guava:guava:33.0.0-jre=annotationProcessor
com.google.guava:listenablefuture:9999.0-empty-to-avoid-conflict-with-guava=annotationProcessor
com.squareup.okhttp3:okhttp:4.12.0=runtimeClasspath,testRuntimeClasspath
com.squareup.okio:okio-jvm:3.6.0=runtimeClasspath,testRuntimeClasspath
com.squareup.okio:okio:3.6.0=runtimeClasspath,testRuntimeClasspath
com.squareup:javapoet:1.13.0=annotationProcessor
com.squareup:kotlinpoet:1.11.0=annotationProcessor
javax.inject:javax.inject:1=annotationProcessor,compileClasspath,runtimeClasspath,testCompileClasspath,testRuntimeClasspath
junit:junit:4.13.2=testCompileClasspath,testRuntimeClasspath
net.bytebuddy:byte-buddy:1.9.12=testRuntimeClasspath
net.i2p.crypto:eddsa:0.2.0=runtimeClasspath,testRuntimeClasspath
net.java.dev.jna:jna-platform:5.13.0=compileClasspath,runtimeClasspath,testCompileClasspath,testRuntimeClasspath
net.java.dev.jna:jna:5.13.0=compileClasspath,runtimeClasspath,testCompileClasspath,testRuntimeClasspath
net.jcip:jcip-annotations:1.0=testCompileClasspath,testRuntimeClasspath
net.ltgt.gradle.incap:incap:0.2=annotationProcessor
org.apache-extras.beanshell:bsh:2.0b6=testCompileClasspath,testRuntimeClasspath
org.bitlet:weupnp:0.1.4=runtimeClasspath,testRuntimeClasspath
org.bouncycastle:bcprov-jdk15to18:1.82=runtimeClasspath,testRuntimeClasspath
org.briarproject:jtorctl:0.5=compileClasspath,runtimeClasspath,testCompileClasspath,testRuntimeClasspath
org.briarproject:null-safety:0.1=compileClasspath,runtimeClasspath,testCompileClasspath,testRuntimeClasspath
org.briarproject:onionwrapper-core:0.1.4=compileClasspath,runtimeClasspath,testCompileClasspath,testRuntimeClasspath
org.briarproject:onionwrapper-java:0.1.4=compileClasspath,runtimeClasspath,testCompileClasspath,testRuntimeClasspath
org.briarproject:socks-socket:0.1=runtimeClasspath,testRuntimeClasspath
org.checkerframework:checker-compat-qual:2.5.5=annotationProcessor
org.checkerframework:checker-qual:3.41.0=annotationProcessor
org.hamcrest:hamcrest-core:2.1=testCompileClasspath,testRuntimeClasspath
org.hamcrest:hamcrest-library:2.1=testCompileClasspath,testRuntimeClasspath
org.hamcrest:hamcrest:2.1=testCompileClasspath,testRuntimeClasspath
org.jetbrains.kotlin:kotlin-reflect:1.6.10=annotationProcessor
org.jetbrains.kotlin:kotlin-stdlib-common:1.9.10=runtimeClasspath,testRuntimeClasspath
org.jetbrains.kotlin:kotlin-stdlib-jdk7:1.9.0=annotationProcessor
org.jetbrains.kotlin:kotlin-stdlib-jdk7:1.9.10=runtimeClasspath,testRuntimeClasspath
org.jetbrains.kotlin:kotlin-stdlib-jdk8:1.9.0=annotationProcessor
org.jetbrains.kotlin:kotlin-stdlib-jdk8:1.9.10=runtimeClasspath,testRuntimeClasspath
org.jetbrains.kotlin:kotlin-stdlib:1.9.10=runtimeClasspath,testRuntimeClasspath
org.jetbrains.kotlin:kotlin-stdlib:1.9.20=annotationProcessor
org.jetbrains:annotations:13.0=annotationProcessor,runtimeClasspath,testRuntimeClasspath
org.jmock:jmock-imposters:2.12.0=testRuntimeClasspath
org.jmock:jmock-junit4:2.12.0=testCompileClasspath,testRuntimeClasspath
org.jmock:jmock-legacy:2.12.0=testRuntimeClasspath
org.jmock:jmock-testjar:2.12.0=testCompileClasspath,testRuntimeClasspath
org.jmock:jmock:2.12.0=testCompileClasspath,testRuntimeClasspath
org.objenesis:objenesis:3.0.1=testRuntimeClasspath
org.ow2.asm:asm:7.1=testCompileClasspath,testRuntimeClasspath
org.whispersystems:curve25519-java:0.5.0=runtimeClasspath,testRuntimeClasspath
empty=testAnnotationProcessor
