# This is a Gradle generated file for dependency locking.
# Manual edits can break the build and are not advised.
# This file is expected to be part of source control.
androidx.activity:activity-ktx:1.9.3=officialDebugRuntimeClasspath
androidx.activity:activity:1.9.3=officialDebugRuntimeClasspath
androidx.annotation:annotation-experimental:1.4.1=officialDebugRuntimeClasspath
androidx.annotation:annotation-jvm:1.8.1=officialDebugRuntimeClasspath
androidx.annotation:annotation:1.8.1=officialDebugRuntimeClasspath
androidx.appcompat:appcompat-resources:1.5.0=officialDebugRuntimeClasspath
androidx.appcompat:appcompat:1.5.0=officialDebugRuntimeClasspath
androidx.arch.core:core-common:2.2.0=officialDebugRuntimeClasspath
androidx.arch.core:core-runtime:2.2.0=officialDebugRuntimeClasspath
androidx.biometric:biometric:1.1.0=officialDebugRuntimeClasspath
androidx.camera:camera-camera2:1.4.2=officialDebugRuntimeClasspath
androidx.camera:camera-core:1.4.2=officialDebugRuntimeClasspath
androidx.camera:camera-lifecycle:1.4.2=officialDebugRuntimeClasspath
androidx.camera:camera-video:1.4.2=officialDebugRuntimeClasspath
androidx.camera:camera-view:1.4.2=officialDebugRuntimeClasspath
androidx.cardview:cardview:1.0.0=officialDebugRuntimeClasspath
androidx.collection:collection-jvm:1.4.2=officialDebugRuntimeClasspath
androidx.collection:collection-ktx:1.4.2=officialDebugRuntimeClasspath
androidx.collection:collection:1.4.2=officialDebugRuntimeClasspath
androidx.concurrent:concurrent-futures-ktx:1.1.0=officialDebugRuntimeClasspath
androidx.concurrent:concurrent-futures:1.1.0=officialDebugRuntimeClasspath
androidx.constraintlayout:constraintlayout-core:1.0.4=officialDebugRuntimeClasspath
androidx.constraintlayout:constraintlayout:2.1.4=officialDebugRuntimeClasspath
androidx.coordinatorlayout:coordinatorlayout:1.1.0=officialDebugRuntimeClasspath
androidx.core:core-ktx:1.13.0=officialDebugRuntimeClasspath
androidx.core:core:1.13.0=officialDebugRuntimeClasspath
androidx.cursoradapter:cursoradapter:1.0.0=officialDebugRuntimeClasspath
androidx.customview:customview-poolingcontainer:1.0.0=officialDebugRuntimeClasspath
androidx.customview:customview:1.1.0=officialDebugRuntimeClasspath
androidx.documentfile:documentfile:1.0.0=officialDebugRuntimeClasspath
androidx.drawerlayout:drawerlayout:1.1.1=officialDebugRuntimeClasspath
androidx.dynamicanimation:dynamicanimation:1.0.0=officialDebugRuntimeClasspath
androidx.emoji2:emoji2-views-helper:1.2.0=officialDebugRuntimeClasspath
androidx.emoji2:emoji2:1.2.0=officialDebugRuntimeClasspath
androidx.exifinterface:exifinterface:1.3.7=officialDebugRuntimeClasspath
androidx.fragment:fragment-ktx:1.6.2=officialDebugRuntimeClasspath
androidx.fragment:fragment:1.6.2=officialDebugRuntimeClasspath
androidx.interpolator:interpolator:1.0.0=officialDebugRuntimeClasspath
androidx.legacy:legacy-support-core-utils:1.0.0=officialDebugRuntimeClasspath
androidx.lifecycle:lifecycle-common:2.6.2=officialDebugRuntimeClasspath
androidx.lifecycle:lifecycle-extensions:2.2.0=officialDebugRuntimeClasspath
androidx.lifecycle:lifecycle-livedata-core-ktx:2.6.2=officialDebugRuntimeClasspath
androidx.lifecycle:lifecycle-livedata-core:2.6.2=officialDebugRuntimeClasspath
androidx.lifecycle:lifecycle-livedata:2.6.2=officialDebugRuntimeClasspath
androidx.lifecycle:lifecycle-process:2.6.2=officialDebugRuntimeClasspath
androidx.lifecycle:lifecycle-runtime-ktx:2.6.2=officialDebugRuntimeClasspath
androidx.lifecycle:lifecycle-runtime:2.6.2=officialDebugRuntimeClasspath
androidx.lifecycle:lifecycle-service:2.6.2=officialDebugRuntimeClasspath
androidx.lifecycle:lifecycle-viewmodel-ktx:2.6.2=officialDebugRuntimeClasspath
androidx.lifecycle:lifecycle-viewmodel-savedstate:2.6.2=officialDebugRuntimeClasspath
androidx.lifecycle:lifecycle-viewmodel:2.6.2=officialDebugRuntimeClasspath
androidx.loader:loader:1.0.0=officialDebugRuntimeClasspath
androidx.localbroadcastmanager:localbroadcastmanager:1.0.0=officialDebugRuntimeClasspath
androidx.media:media:1.6.0=officialDebugRuntimeClasspath
androidx.preference:preference:1.2.1=officialDebugRuntimeClasspath
androidx.print:print:1.0.0=officialDebugRuntimeClasspath
androidx.recyclerview:recyclerview-selection:1.1.0=officialDebugRuntimeClasspath
androidx.recyclerview:recyclerview:1.3.0=officialDebugRuntimeClasspath
androidx.resourceinspection:resourceinspection-annotation:1.0.1=officialDebugRuntimeClasspath
androidx.savedstate:savedstate-ktx:1.2.1=officialDebugRuntimeClasspath
androidx.savedstate:savedstate:1.2.1=officialDebugRuntimeClasspath
androidx.security:security-crypto:1.1.0=officialDebugRuntimeClasspath
androidx.slidingpanelayout:slidingpanelayout:1.2.0=officialDebugRuntimeClasspath
androidx.sqlite:sqlite:2.4.0=officialDebugRuntimeClasspath
androidx.startup:startup-runtime:1.1.1=officialDebugRuntimeClasspath
androidx.tracing:tracing-ktx:1.2.0=officialDebugRuntimeClasspath
androidx.tracing:tracing:1.2.0=officialDebugRuntimeClasspath
androidx.transition:transition:1.4.1=officialDebugRuntimeClasspath
androidx.vectordrawable:vectordrawable-animated:1.1.0=officialDebugRuntimeClasspath
androidx.vectordrawable:vectordrawable:1.1.0=officialDebugRuntimeClasspath
androidx.versionedparcelable:versionedparcelable:1.1.1=officialDebugRuntimeClasspath
androidx.viewpager2:viewpager2:1.0.0=officialDebugRuntimeClasspath
androidx.viewpager:viewpager:1.0.0=officialDebugRuntimeClasspath
androidx.window:window:1.0.0=officialDebugRuntimeClasspath
com.fasterxml.jackson.core:jackson-annotations:2.15.3=officialDebugRuntimeClasspath
com.fasterxml.jackson.core:jackson-core:2.15.3=officialDebugRuntimeClasspath
com.fasterxml.jackson.core:jackson-databind:2.15.3=officialDebugRuntimeClasspath
com.fasterxml.jackson:jackson-bom:2.15.3=officialDebugRuntimeClasspath
com.github.bumptech.glide:annotations:4.16.0=officialDebugRuntimeClasspath
com.github.bumptech.glide:gifdecoder:4.16.0=officialDebugRuntimeClasspath
com.github.bumptech.glide:glide:4.16.0=officialDebugRuntimeClasspath
com.google.android.exoplayer:exoplayer-common:2.19.1=officialDebugRuntimeClasspath
com.google.android.exoplayer:exoplayer-container:2.19.1=officialDebugRuntimeClasspath
com.google.android.exoplayer:exoplayer-core:2.19.1=officialDebugRuntimeClasspath
com.google.android.exoplayer:exoplayer-database:2.19.1=officialDebugRuntimeClasspath
com.google.android.exoplayer:exoplayer-datasource:2.19.1=officialDebugRuntimeClasspath
com.google.android.exoplayer:exoplayer-decoder:2.19.1=officialDebugRuntimeClasspath
com.google.android.exoplayer:exoplayer-extractor:2.19.1=officialDebugRuntimeClasspath
com.google.android.exoplayer:exoplayer-ui:2.19.1=officialDebugRuntimeClasspath
com.google.android.material:material:1.9.0=officialDebugRuntimeClasspath
com.google.auto.value:auto-value-annotations:1.6.3=officialDebugRuntimeClasspath
com.google.code.findbugs:jsr305:3.0.2=officialDebugRuntimeClasspath
com.google.code.gson:gson:2.8.9=officialDebugRuntimeClasspath
com.google.crypto.tink:tink-android:1.8.0=officialDebugRuntimeClasspath
com.google.dagger:dagger:2.51.1=officialDebugRuntimeClasspath
com.google.errorprone:error_prone_annotations:2.15.0=officialDebugRuntimeClasspath
com.google.guava:failureaccess:1.0.1=officialDebugRuntimeClasspath
com.google.guava:guava:31.1-android=officialDebugRuntimeClasspath
com.google.guava:listenablefuture:9999.0-empty-to-avoid-conflict-with-guava=officialDebugRuntimeClasspath
com.google.zxing:core:3.5.3=officialDebugRuntimeClasspath
com.rometools:rome-utils:1.18.0=officialDebugRuntimeClasspath
com.rometools:rome:1.18.0=officialDebugRuntimeClasspath
com.squareup.okhttp3:okhttp:4.12.0=officialDebugRuntimeClasspath
com.squareup.okio:okio-jvm:3.6.0=officialDebugRuntimeClasspath
com.squareup.okio:okio:3.6.0=officialDebugRuntimeClasspath
com.vanniktech:emoji-google:0.9.0=officialDebugRuntimeClasspath
com.vanniktech:emoji:0.9.0=officialDebugRuntimeClasspath
de.hdodenhof:circleimageview:3.1.0=officialDebugRuntimeClasspath
info.guardianproject.panic:panic:1.0=officialDebugRuntimeClasspath
javax.inject:javax.inject:1=officialDebugRuntimeClasspath
net.i2p.crypto:eddsa:0.2.0=officialDebugRuntimeClasspath
net.zetetic:sqlcipher-android:4.13.0=officialDebugRuntimeClasspath
org.bitlet:weupnp:0.1.4=officialDebugRuntimeClasspath
org.bouncycastle:bcprov-jdk15to18:1.82=officialDebugRuntimeClasspath
org.briarproject:dont-kill-me-lib:0.2.8=officialDebugRuntimeClasspath
org.briarproject:jtorctl:0.5=officialDebugRuntimeClasspath
org.briarproject:lyrebird-android:0.6.2=officialDebugRuntimeClasspath
org.briarproject:null-safety:0.1=officialDebugRuntimeClasspath
org.briarproject:onionwrapper-android:0.1.4=officialDebugRuntimeClasspath
org.briarproject:onionwrapper-core:0.1.4=officialDebugRuntimeClasspath
org.briarproject:socks-socket:0.1=officialDebugRuntimeClasspath
org.briarproject:tor-android:0.4.8.22=officialDebugRuntimeClasspath
org.jdom:jdom2:2.0.6.1=officialDebugRuntimeClasspath
org.jetbrains.kotlin:kotlin-stdlib-common:1.9.25=officialDebugRuntimeClasspath
org.jetbrains.kotlin:kotlin-stdlib-jdk7:1.9.25=officialDebugRuntimeClasspath
org.jetbrains.kotlin:kotlin-stdlib-jdk8:1.9.25=officialDebugRuntimeClasspath
org.jetbrains.kotlin:kotlin-stdlib:1.9.25=officialDebugRuntimeClasspath
org.jetbrains.kotlinx:kotlinx-coroutines-android:1.7.3=officialDebugRuntimeClasspath
org.jetbrains.kotlinx:kotlinx-coroutines-bom:1.7.3=officialDebugRuntimeClasspath
org.jetbrains.kotlinx:kotlinx-coroutines-core-jvm:1.7.3=officialDebugRuntimeClasspath
org.jetbrains.kotlinx:kotlinx-coroutines-core:1.7.3=officialDebugRuntimeClasspath
org.jetbrains:annotations:23.0.0=officialDebugRuntimeClasspath
org.jsoup:jsoup:1.15.3=officialDebugRuntimeClasspath
org.jspecify:jspecify:1.0.0=officialDebugRuntimeClasspath
org.slf4j:slf4j-api:1.7.32=officialDebugRuntimeClasspath
org.whispersystems:curve25519-java:0.5.0=officialDebugRuntimeClasspath
uk.co.samuelwall:material-tap-target-prompt:3.3.2=officialDebugRuntimeClasspath
empty=
