# This is a Gradle generated file for dependency locking.
# Manual edits can break the build and are not advised.
# This file is expected to be part of source control.
net.i2p.client:mstreaming:2.13.0=compileClasspath,runtimeClasspath,testCompileClasspath,testRuntimeClasspath
net.i2p.client:streaming:2.13.0=compileClasspath,runtimeClasspath,testCompileClasspath,testRuntimeClasspath
net.i2p:i2p:2.13.0=compileClasspath,runtimeClasspath,testCompileClasspath,testRuntimeClasspath
net.i2p:router:2.13.0=compileClasspath,runtimeClasspath,testCompileClasspath,testRuntimeClasspath
empty=annotationProcessor,shadow,testAnnotationProcessor
