# This is a Gradle generated file for dependency locking.
# Manual edits can break the build and are not advised.
# This file is expected to be part of source control.
androidx.annotation:annotation:1.5.0=debugAndroidTestCompileClasspath,debugAndroidTestRuntimeClasspath,debugCompileClasspath,debugRuntimeClasspath,debugUnitTestCompileClasspath,debugUnitTestRuntimeClasspath,releaseCompileClasspath,releaseRuntimeClasspath,releaseUnitTestCompileClasspath,releaseUnitTestRuntimeClasspath
androidx.sqlite:sqlite:2.4.0=debugAndroidTestCompileClasspath,debugAndroidTestRuntimeClasspath,debugCompileClasspath,debugRuntimeClasspath,debugUnitTestCompileClasspath,debugUnitTestRuntimeClasspath,releaseCompileClasspath,releaseRuntimeClasspath,releaseUnitTestCompileClasspath,releaseUnitTestRuntimeClasspath
cglib:cglib:3.2.8=debugUnitTestRuntimeClasspath,releaseUnitTestRuntimeClasspath
com.android.tools.ddms:ddmlib:31.13.0=_internal-unified-test-platform-android-device-provider-ddmlib
com.android.tools.emulator:proto:31.13.0=_internal-unified-test-platform-android-test-plugin-host-emulator-control
com.android.tools.utp:android-device-provider-ddmlib-proto:31.13.0=_internal-unified-test-platform-android-device-provider-ddmlib
com.android.tools.utp:android-device-provider-ddmlib:31.13.0=_internal-unified-test-platform-android-device-provider-ddmlib
com.android.tools.utp:android-device-provider-profile-proto:31.13.0=_internal-unified-test-platform-android-device-provider-ddmlib
com.android.tools.utp:android-device-provider-profile:31.13.0=_internal-unified-test-platform-android-device-provider-ddmlib
com.android.tools.utp:android-test-plugin-host-additional-test-output-proto:31.13.0=_internal-unified-test-platform-android-test-plugin-host-additional-test-output
com.android.tools.utp:android-test-plugin-host-additional-test-output:31.13.0=_internal-unified-test-platform-android-test-plugin-host-additional-test-output
com.android.tools.utp:android-test-plugin-host-apk-installer-proto:31.13.0=_internal-unified-test-platform-android-test-plugin-host-apk-installer
com.android.tools.utp:android-test-plugin-host-apk-installer:31.13.0=_internal-unified-test-platform-android-test-plugin-host-apk-installer
com.android.tools.utp:android-test-plugin-host-coverage-proto:31.13.0=_internal-unified-test-platform-android-test-plugin-host-coverage
com.android.tools.utp:android-test-plugin-host-coverage:31.13.0=_internal-unified-test-platform-android-test-plugin-host-coverage
com.android.tools.utp:android-test-plugin-host-device-info-proto:31.13.0=_internal-unified-test-platform-android-test-plugin-host-device-info
com.android.tools.utp:android-test-plugin-host-device-info:31.13.0=_internal-unified-test-platform-android-test-plugin-host-device-info
com.android.tools.utp:android-test-plugin-host-emulator-control-proto:31.13.0=_internal-unified-test-platform-android-test-plugin-host-emulator-control
com.android.tools.utp:android-test-plugin-host-emulator-control:31.13.0=_internal-unified-test-platform-android-test-plugin-host-emulator-control
com.android.tools.utp:android-test-plugin-host-logcat-proto:31.13.0=_internal-unified-test-platform-android-test-plugin-host-logcat
com.android.tools.utp:android-test-plugin-host-logcat:31.13.0=_internal-unified-test-platform-android-test-plugin-host-logcat
com.android.tools.utp:android-test-plugin-result-listener-gradle-proto:31.13.0=_internal-unified-test-platform-android-test-plugin-result-listener-gradle
com.android.tools.utp:android-test-plugin-result-listener-gradle:31.13.0=_internal-unified-test-platform-android-test-plugin-result-listener-gradle
com.android.tools.utp:utp-common:31.13.0=_internal-unified-test-platform-android-test-plugin-host-additional-test-output,_internal-unified-test-platform-android-test-plugin-host-device-info,_internal-unified-test-platform-android-test-plugin-host-logcat
com.android.tools:annotations:31.13.0=_internal-unified-test-platform-android-device-provider-ddmlib,_internal-unified-test-platform-android-test-plugin-host-additional-test-output,_internal-unified-test-platform-android-test-plugin-host-apk-installer,_internal-unified-test-platform-android-test-plugin-host-coverage,_internal-unified-test-platform-android-test-plugin-host-device-info,_internal-unified-test-platform-android-test-plugin-host-emulator-control,_internal-unified-test-platform-android-test-plugin-host-logcat,_internal-unified-test-platform-android-test-plugin-result-listener-gradle
com.android.tools:common:31.13.0=_internal-unified-test-platform-android-device-provider-ddmlib,_internal-unified-test-platform-android-test-plugin-host-additional-test-output,_internal-unified-test-platform-android-test-plugin-host-apk-installer,_internal-unified-test-platform-android-test-plugin-host-coverage,_internal-unified-test-platform-android-test-plugin-host-device-info,_internal-unified-test-platform-android-test-plugin-host-emulator-control,_internal-unified-test-platform-android-test-plugin-host-logcat,_internal-unified-test-platform-android-test-plugin-result-listener-gradle
com.fasterxml.jackson.core:jackson-annotations:2.15.3=debugAndroidTestRuntimeClasspath,debugRuntimeClasspath,debugUnitTestRuntimeClasspath,releaseRuntimeClasspath,releaseUnitTestRuntimeClasspath
com.fasterxml.jackson.core:jackson-core:2.15.3=debugAndroidTestRuntimeClasspath,debugRuntimeClasspath,debugUnitTestRuntimeClasspath,releaseRuntimeClasspath,releaseUnitTestRuntimeClasspath
com.fasterxml.jackson.core:jackson-databind:2.15.3=debugAndroidTestRuntimeClasspath,debugRuntimeClasspath,debugUnitTestRuntimeClasspath,releaseRuntimeClasspath,releaseUnitTestRuntimeClasspath
com.fasterxml.jackson:jackson-bom:2.15.3=debugAndroidTestRuntimeClasspath,debugRuntimeClasspath,debugUnitTestRuntimeClasspath,releaseRuntimeClasspath,releaseUnitTestRuntimeClasspath
com.google.android:annotations:4.1.1.4=_internal-unified-test-platform-android-test-plugin-host-emulator-control,_internal-unified-test-platform-android-test-plugin-result-listener-gradle,_internal-unified-test-platform-core
com.google.api.grpc:proto-google-common-protos:2.17.0=_internal-unified-test-platform-android-device-provider-ddmlib,_internal-unified-test-platform-android-test-plugin-host-additional-test-output,_internal-unified-test-platform-android-test-plugin-host-apk-installer,_internal-unified-test-platform-android-test-plugin-host-coverage,_internal-unified-test-platform-android-test-plugin-host-device-info,_internal-unified-test-platform-android-test-plugin-host-logcat,_internal-unified-test-platform-core
com.google.api.grpc:proto-google-common-protos:2.48.0=_internal-unified-test-platform-android-test-plugin-host-emulator-control,_internal-unified-test-platform-android-test-plugin-result-listener-gradle
com.google.auto.service:auto-service-annotations:1.1.1=_internal-unified-test-platform-android-device-provider-ddmlib,_internal-unified-test-platform-android-driver-instrumentation,_internal-unified-test-platform-android-test-plugin,_internal-unified-test-platform-android-test-plugin-host-additional-test-output,_internal-unified-test-platform-android-test-plugin-host-apk-installer,_internal-unified-test-platform-android-test-plugin-host-coverage,_internal-unified-test-platform-android-test-plugin-host-device-info,_internal-unified-test-platform-android-test-plugin-host-emulator-control,_internal-unified-test-platform-android-test-plugin-host-logcat,_internal-unified-test-platform-android-test-plugin-result-listener-gradle
com.google.auto.service:auto-service:1.1.1=_internal-unified-test-platform-android-device-provider-ddmlib,_internal-unified-test-platform-android-driver-instrumentation,_internal-unified-test-platform-android-test-plugin,_internal-unified-test-platform-android-test-plugin-host-additional-test-output,_internal-unified-test-platform-android-test-plugin-host-apk-installer,_internal-unified-test-platform-android-test-plugin-host-coverage,_internal-unified-test-platform-android-test-plugin-host-device-info,_internal-unified-test-platform-android-test-plugin-host-emulator-control,_internal-unified-test-platform-android-test-plugin-host-logcat,_internal-unified-test-platform-android-test-plugin-result-listener-gradle
com.google.auto:auto-common:1.2.1=_internal-unified-test-platform-android-device-provider-ddmlib,_internal-unified-test-platform-android-driver-instrumentation,_internal-unified-test-platform-android-test-plugin,_internal-unified-test-platform-android-test-plugin-host-additional-test-output,_internal-unified-test-platform-android-test-plugin-host-apk-installer,_internal-unified-test-platform-android-test-plugin-host-coverage,_internal-unified-test-platform-android-test-plugin-host-device-info,_internal-unified-test-platform-android-test-plugin-host-emulator-control,_internal-unified-test-platform-android-test-plugin-host-logcat,_internal-unified-test-platform-android-test-plugin-result-listener-gradle
com.google.code.findbugs:annotations:3.0.1=debugUnitTestCompileClasspath,debugUnitTestRuntimeClasspath,releaseUnitTestCompileClasspath,releaseUnitTestRuntimeClasspath
com.google.code.findbugs:jsr305:3.0.2=_internal-unified-test-platform-android-device-provider-ddmlib,_internal-unified-test-platform-android-driver-instrumentation,_internal-unified-test-platform-android-test-plugin,_internal-unified-test-platform-android-test-plugin-host-additional-test-output,_internal-unified-test-platform-android-test-plugin-host-apk-installer,_internal-unified-test-platform-android-test-plugin-host-coverage,_internal-unified-test-platform-android-test-plugin-host-device-info,_internal-unified-test-platform-android-test-plugin-host-emulator-control,_internal-unified-test-platform-android-test-plugin-host-logcat,_internal-unified-test-platform-android-test-plugin-result-listener-gradle,_internal-unified-test-platform-core,_internal-unified-test-platform-launcher,debugAndroidTestCompileClasspath,debugAndroidTestRuntimeClasspath,debugAnnotationProcessorClasspath,debugCompileClasspath,debugRuntimeClasspath,debugUnitTestCompileClasspath,debugUnitTestRuntimeClasspath,releaseAnnotationProcessorClasspath,releaseCompileClasspath,releaseRuntimeClasspath,releaseUnitTestCompileClasspath,releaseUnitTestRuntimeClasspath
com.google.code.gson:gson:2.10.1=_internal-unified-test-platform-core
com.google.code.gson:gson:2.11.0=_internal-unified-test-platform-android-test-plugin-host-emulator-control,_internal-unified-test-platform-android-test-plugin-result-listener-gradle
com.google.code.gson:gson:2.8.9=_internal-unified-test-platform-android-driver-instrumentation,_internal-unified-test-platform-android-test-plugin-host-additional-test-output,_internal-unified-test-platform-android-test-plugin-host-device-info,_internal-unified-test-platform-android-test-plugin-host-logcat,_internal-unified-test-platform-launcher
com.google.crypto.tink:tink:1.7.0=_internal-unified-test-platform-android-test-plugin-host-emulator-control
com.google.dagger:dagger-compiler:2.51.1=debugAnnotationProcessorClasspath,releaseAnnotationProcessorClasspath
com.google.dagger:dagger-spi:2.51.1=debugAnnotationProcessorClasspath,releaseAnnotationProcessorClasspath
com.google.dagger:dagger:2.48=_internal-unified-test-platform-android-device-provider-ddmlib,_internal-unified-test-platform-android-driver-instrumentation,_internal-unified-test-platform-android-test-plugin-host-additional-test-output,_internal-unified-test-platform-android-test-plugin-host-apk-installer,_internal-unified-test-platform-android-test-plugin-host-coverage,_internal-unified-test-platform-android-test-plugin-host-device-info,_internal-unified-test-platform-android-test-plugin-host-emulator-control,_internal-unified-test-platform-android-test-plugin-host-logcat,_internal-unified-test-platform-android-test-plugin-result-listener-gradle,_internal-unified-test-platform-core
com.google.dagger:dagger:2.51.1=debugAndroidTestCompileClasspath,debugAndroidTestRuntimeClasspath,debugAnnotationProcessorClasspath,debugCompileClasspath,debugRuntimeClasspath,debugUnitTestCompileClasspath,debugUnitTestRuntimeClasspath,releaseAnnotationProcessorClasspath,releaseCompileClasspath,releaseRuntimeClasspath,releaseUnitTestCompileClasspath,releaseUnitTestRuntimeClasspath
com.google.devtools.ksp:symbol-processing-api:1.9.20-1.0.14=debugAnnotationProcessorClasspath,releaseAnnotationProcessorClasspath
com.google.errorprone:error_prone_annotations:2.23.0=_internal-unified-test-platform-android-driver-instrumentation,_internal-unified-test-platform-android-test-plugin,_internal-unified-test-platform-core,_internal-unified-test-platform-launcher,debugAnnotationProcessorClasspath,releaseAnnotationProcessorClasspath
com.google.errorprone:error_prone_annotations:2.28.0=_internal-unified-test-platform-android-device-provider-ddmlib,_internal-unified-test-platform-android-test-plugin-host-additional-test-output,_internal-unified-test-platform-android-test-plugin-host-apk-installer,_internal-unified-test-platform-android-test-plugin-host-coverage,_internal-unified-test-platform-android-test-plugin-host-device-info,_internal-unified-test-platform-android-test-plugin-host-logcat
com.google.errorprone:error_prone_annotations:2.30.0=_internal-unified-test-platform-android-test-plugin-host-emulator-control,_internal-unified-test-platform-android-test-plugin-result-listener-gradle
com.google.errorprone:javac-shaded:9-dev-r4023-3=debugAnnotationProcessorClasspath,releaseAnnotationProcessorClasspath
com.google.googlejavaformat:google-java-format:1.5=debugAnnotationProcessorClasspath,releaseAnnotationProcessorClasspath
com.google.guava:failureaccess:1.0.1=_internal-unified-test-platform-android-driver-instrumentation,_internal-unified-test-platform-android-test-plugin,_internal-unified-test-platform-core,_internal-unified-test-platform-launcher
com.google.guava:failureaccess:1.0.2=_internal-unified-test-platform-android-device-provider-ddmlib,_internal-unified-test-platform-android-test-plugin-host-additional-test-output,_internal-unified-test-platform-android-test-plugin-host-apk-installer,_internal-unified-test-platform-android-test-plugin-host-coverage,_internal-unified-test-platform-android-test-plugin-host-device-info,_internal-unified-test-platform-android-test-plugin-host-emulator-control,_internal-unified-test-platform-android-test-plugin-host-logcat,_internal-unified-test-platform-android-test-plugin-result-listener-gradle,debugAnnotationProcessorClasspath,releaseAnnotationProcessorClasspath
com.google.guava:guava:32.0.1-jre=_internal-unified-test-platform-android-driver-instrumentation,_internal-unified-test-platform-android-test-plugin,_internal-unified-test-platform-core,_internal-unified-test-platform-launcher
com.google.guava:guava:33.0.0-jre=debugAnnotationProcessorClasspath,releaseAnnotationProcessorClasspath
com.google.guava:guava:33.3.1-jre=_internal-unified-test-platform-android-device-provider-ddmlib,_internal-unified-test-platform-android-test-plugin-host-additional-test-output,_internal-unified-test-platform-android-test-plugin-host-apk-installer,_internal-unified-test-platform-android-test-plugin-host-coverage,_internal-unified-test-platform-android-test-plugin-host-device-info,_internal-unified-test-platform-android-test-plugin-host-emulator-control,_internal-unified-test-platform-android-test-plugin-host-logcat,_internal-unified-test-platform-android-test-plugin-result-listener-gradle
com.google.guava:listenablefuture:9999.0-empty-to-avoid-conflict-with-guava=_internal-unified-test-platform-android-device-provider-ddmlib,_internal-unified-test-platform-android-driver-instrumentation,_internal-unified-test-platform-android-test-plugin,_internal-unified-test-platform-android-test-plugin-host-additional-test-output,_internal-unified-test-platform-android-test-plugin-host-apk-installer,_internal-unified-test-platform-android-test-plugin-host-coverage,_internal-unified-test-platform-android-test-plugin-host-device-info,_internal-unified-test-platform-android-test-plugin-host-emulator-control,_internal-unified-test-platform-android-test-plugin-host-logcat,_internal-unified-test-platform-android-test-plugin-result-listener-gradle,_internal-unified-test-platform-core,_internal-unified-test-platform-launcher,debugAnnotationProcessorClasspath,releaseAnnotationProcessorClasspath
com.google.j2objc:j2objc-annotations:2.8=_internal-unified-test-platform-android-driver-instrumentation,_internal-unified-test-platform-android-test-plugin,_internal-unified-test-platform-core,_internal-unified-test-platform-launcher
com.google.j2objc:j2objc-annotations:3.0.0=_internal-unified-test-platform-android-device-provider-ddmlib,_internal-unified-test-platform-android-test-plugin-host-additional-test-output,_internal-unified-test-platform-android-test-plugin-host-apk-installer,_internal-unified-test-platform-android-test-plugin-host-coverage,_internal-unified-test-platform-android-test-plugin-host-device-info,_internal-unified-test-platform-android-test-plugin-host-emulator-control,_internal-unified-test-platform-android-test-plugin-host-logcat,_internal-unified-test-platform-android-test-plugin-result-listener-gradle
com.google.protobuf:protobuf-java-util:3.22.3=_internal-unified-test-platform-core
com.google.protobuf:protobuf-java-util:3.24.4=_internal-unified-test-platform-android-driver-instrumentation,_internal-unified-test-platform-android-test-plugin-host-additional-test-output,_internal-unified-test-platform-android-test-plugin-host-device-info,_internal-unified-test-platform-android-test-plugin-host-emulator-control,_internal-unified-test-platform-android-test-plugin-host-logcat,_internal-unified-test-platform-launcher
com.google.protobuf:protobuf-java:3.24.4=_internal-unified-test-platform-android-driver-instrumentation,_internal-unified-test-platform-android-test-plugin,_internal-unified-test-platform-core,_internal-unified-test-platform-launcher
com.google.protobuf:protobuf-java:3.25.5=_internal-unified-test-platform-android-device-provider-ddmlib,_internal-unified-test-platform-android-test-plugin-host-additional-test-output,_internal-unified-test-platform-android-test-plugin-host-apk-installer,_internal-unified-test-platform-android-test-plugin-host-coverage,_internal-unified-test-platform-android-test-plugin-host-device-info,_internal-unified-test-platform-android-test-plugin-host-emulator-control,_internal-unified-test-platform-android-test-plugin-host-logcat,_internal-unified-test-platform-android-test-plugin-result-listener-gradle
com.google.protobuf:protobuf-kotlin:3.24.4=_internal-unified-test-platform-android-device-provider-ddmlib,_internal-unified-test-platform-android-driver-instrumentation,_internal-unified-test-platform-android-test-plugin,_internal-unified-test-platform-android-test-plugin-host-additional-test-output,_internal-unified-test-platform-android-test-plugin-host-apk-installer,_internal-unified-test-platform-android-test-plugin-host-coverage,_internal-unified-test-platform-android-test-plugin-host-device-info,_internal-unified-test-platform-android-test-plugin-host-emulator-control,_internal-unified-test-platform-android-test-plugin-host-logcat,_internal-unified-test-platform-android-test-plugin-result-listener-gradle,_internal-unified-test-platform-core,_internal-unified-test-platform-launcher
com.google.testing.platform:android-device-provider-local:0.0.9-alpha03=_internal-unified-test-platform-android-device-provider-ddmlib,_internal-unified-test-platform-android-test-plugin-host-additional-test-output,_internal-unified-test-platform-android-test-plugin-host-apk-installer,_internal-unified-test-platform-android-test-plugin-host-coverage,_internal-unified-test-platform-android-test-plugin-host-device-info,_internal-unified-test-platform-android-test-plugin-host-emulator-control,_internal-unified-test-platform-android-test-plugin-host-logcat,_internal-unified-test-platform-android-test-plugin-result-listener-gradle
com.google.testing.platform:android-driver-instrumentation:0.0.9-alpha03=_internal-unified-test-platform-android-driver-instrumentation,_internal-unified-test-platform-android-test-plugin-host-emulator-control
com.google.testing.platform:android-test-plugin:0.0.9-alpha03=_internal-unified-test-platform-android-test-plugin
com.google.testing.platform:core-proto:0.0.9-alpha03=_internal-unified-test-platform-android-device-provider-ddmlib,_internal-unified-test-platform-android-test-plugin-host-apk-installer,_internal-unified-test-platform-android-test-plugin-result-listener-gradle
com.google.testing.platform:core:0.0.9-alpha03=_internal-unified-test-platform-core
com.google.testing.platform:launcher:0.0.9-alpha03=_internal-unified-test-platform-android-test-plugin-host-additional-test-output,_internal-unified-test-platform-android-test-plugin-host-device-info,_internal-unified-test-platform-android-test-plugin-host-logcat,_internal-unified-test-platform-launcher
com.squareup.okhttp3:okhttp:4.12.0=debugAndroidTestRuntimeClasspath,debugRuntimeClasspath,debugUnitTestRuntimeClasspath,releaseRuntimeClasspath,releaseUnitTestRuntimeClasspath
com.squareup.okio:okio-jvm:3.6.0=debugAndroidTestRuntimeClasspath,debugRuntimeClasspath,debugUnitTestRuntimeClasspath,releaseRuntimeClasspath,releaseUnitTestRuntimeClasspath
com.squareup.okio:okio:3.6.0=debugAndroidTestRuntimeClasspath,debugRuntimeClasspath,debugUnitTestRuntimeClasspath,releaseRuntimeClasspath,releaseUnitTestRuntimeClasspath
com.squareup:javapoet:1.13.0=debugAnnotationProcessorClasspath,releaseAnnotationProcessorClasspath
com.squareup:kotlinpoet:1.11.0=debugAnnotationProcessorClasspath,releaseAnnotationProcessorClasspath
commons-io:commons-io:2.16.1=_internal-unified-test-platform-android-test-plugin-host-emulator-control
io.grpc:grpc-api:1.57.2=_internal-unified-test-platform-core
io.grpc:grpc-api:1.69.1=_internal-unified-test-platform-android-test-plugin-host-emulator-control,_internal-unified-test-platform-android-test-plugin-result-listener-gradle
io.grpc:grpc-context:1.57.2=_internal-unified-test-platform-core
io.grpc:grpc-context:1.69.1=_internal-unified-test-platform-android-test-plugin-host-emulator-control,_internal-unified-test-platform-android-test-plugin-result-listener-gradle
io.grpc:grpc-core:1.57.2=_internal-unified-test-platform-core
io.grpc:grpc-core:1.69.1=_internal-unified-test-platform-android-test-plugin-host-emulator-control,_internal-unified-test-platform-android-test-plugin-result-listener-gradle
io.grpc:grpc-inprocess:1.69.1=_internal-unified-test-platform-android-test-plugin-result-listener-gradle
io.grpc:grpc-netty:1.57.2=_internal-unified-test-platform-core
io.grpc:grpc-netty:1.69.1=_internal-unified-test-platform-android-test-plugin-host-emulator-control,_internal-unified-test-platform-android-test-plugin-result-listener-gradle
io.grpc:grpc-protobuf-lite:1.57.2=_internal-unified-test-platform-core
io.grpc:grpc-protobuf-lite:1.69.1=_internal-unified-test-platform-android-test-plugin-host-emulator-control,_internal-unified-test-platform-android-test-plugin-result-listener-gradle
io.grpc:grpc-protobuf:1.57.2=_internal-unified-test-platform-core
io.grpc:grpc-protobuf:1.69.1=_internal-unified-test-platform-android-test-plugin-host-emulator-control,_internal-unified-test-platform-android-test-plugin-result-listener-gradle
io.grpc:grpc-services:1.57.2=_internal-unified-test-platform-core
io.grpc:grpc-stub:1.57.2=_internal-unified-test-platform-core
io.grpc:grpc-stub:1.69.1=_internal-unified-test-platform-android-test-plugin-host-emulator-control,_internal-unified-test-platform-android-test-plugin-result-listener-gradle
io.grpc:grpc-util:1.69.1=_internal-unified-test-platform-android-test-plugin-host-emulator-control,_internal-unified-test-platform-android-test-plugin-result-listener-gradle
io.netty:netty-buffer:4.1.110.Final=_internal-unified-test-platform-android-test-plugin-host-emulator-control,_internal-unified-test-platform-android-test-plugin-result-listener-gradle
io.netty:netty-buffer:4.1.93.Final=_internal-unified-test-platform-core
io.netty:netty-codec-http2:4.1.110.Final=_internal-unified-test-platform-android-test-plugin-host-emulator-control,_internal-unified-test-platform-android-test-plugin-result-listener-gradle
io.netty:netty-codec-http2:4.1.93.Final=_internal-unified-test-platform-core
io.netty:netty-codec-http:4.1.110.Final=_internal-unified-test-platform-android-test-plugin-host-emulator-control,_internal-unified-test-platform-android-test-plugin-result-listener-gradle
io.netty:netty-codec-http:4.1.93.Final=_internal-unified-test-platform-core
io.netty:netty-codec-socks:4.1.110.Final=_internal-unified-test-platform-android-test-plugin-host-emulator-control,_internal-unified-test-platform-android-test-plugin-result-listener-gradle
io.netty:netty-codec-socks:4.1.93.Final=_internal-unified-test-platform-core
io.netty:netty-codec:4.1.110.Final=_internal-unified-test-platform-android-test-plugin-host-emulator-control,_internal-unified-test-platform-android-test-plugin-result-listener-gradle
io.netty:netty-codec:4.1.93.Final=_internal-unified-test-platform-core
io.netty:netty-common:4.1.110.Final=_internal-unified-test-platform-android-test-plugin-host-emulator-control,_internal-unified-test-platform-android-test-plugin-result-listener-gradle
io.netty:netty-common:4.1.93.Final=_internal-unified-test-platform-core
io.netty:netty-handler-proxy:4.1.110.Final=_internal-unified-test-platform-android-test-plugin-host-emulator-control,_internal-unified-test-platform-android-test-plugin-result-listener-gradle
io.netty:netty-handler-proxy:4.1.93.Final=_internal-unified-test-platform-core
io.netty:netty-handler:4.1.110.Final=_internal-unified-test-platform-android-test-plugin-host-emulator-control,_internal-unified-test-platform-android-test-plugin-result-listener-gradle
io.netty:netty-handler:4.1.93.Final=_internal-unified-test-platform-core
io.netty:netty-resolver:4.1.110.Final=_internal-unified-test-platform-android-test-plugin-host-emulator-control,_internal-unified-test-platform-android-test-plugin-result-listener-gradle
io.netty:netty-resolver:4.1.93.Final=_internal-unified-test-platform-core
io.netty:netty-transport-native-unix-common:4.1.110.Final=_internal-unified-test-platform-android-test-plugin-host-emulator-control,_internal-unified-test-platform-android-test-plugin-result-listener-gradle
io.netty:netty-transport-native-unix-common:4.1.93.Final=_internal-unified-test-platform-core
io.netty:netty-transport:4.1.110.Final=_internal-unified-test-platform-android-test-plugin-host-emulator-control,_internal-unified-test-platform-android-test-plugin-result-listener-gradle
io.netty:netty-transport:4.1.93.Final=_internal-unified-test-platform-core
io.opencensus:opencensus-api:0.31.0=_internal-unified-test-platform-core
io.opencensus:opencensus-proto:0.2.0=_internal-unified-test-platform-android-test-plugin-host-additional-test-output,_internal-unified-test-platform-android-test-plugin-host-device-info,_internal-unified-test-platform-android-test-plugin-host-logcat,_internal-unified-test-platform-core,_internal-unified-test-platform-launcher
io.perfmark:perfmark-api:0.26.0=_internal-unified-test-platform-core
io.perfmark:perfmark-api:0.27.0=_internal-unified-test-platform-android-test-plugin-host-emulator-control,_internal-unified-test-platform-android-test-plugin-result-listener-gradle
javax.annotation:javax.annotation-api:1.3.2=_internal-unified-test-platform-android-test-plugin-host-emulator-control,_internal-unified-test-platform-android-test-plugin-result-listener-gradle
javax.annotation:jsr250-api:1.0=debugCompileClasspath,releaseCompileClasspath
javax.inject:javax.inject:1=_internal-unified-test-platform-android-device-provider-ddmlib,_internal-unified-test-platform-android-driver-instrumentation,_internal-unified-test-platform-android-test-plugin-host-additional-test-output,_internal-unified-test-platform-android-test-plugin-host-apk-installer,_internal-unified-test-platform-android-test-plugin-host-coverage,_internal-unified-test-platform-android-test-plugin-host-device-info,_internal-unified-test-platform-android-test-plugin-host-emulator-control,_internal-unified-test-platform-android-test-plugin-host-logcat,_internal-unified-test-platform-android-test-plugin-result-listener-gradle,_internal-unified-test-platform-core,debugAndroidTestCompileClasspath,debugAndroidTestRuntimeClasspath,debugAnnotationProcessorClasspath,debugCompileClasspath,debugRuntimeClasspath,debugUnitTestCompileClasspath,debugUnitTestRuntimeClasspath,releaseAnnotationProcessorClasspath,releaseCompileClasspath,releaseRuntimeClasspath,releaseUnitTestCompileClasspath,releaseUnitTestRuntimeClasspath
junit:junit:4.13.2=debugUnitTestCompileClasspath,debugUnitTestRuntimeClasspath,releaseUnitTestCompileClasspath,releaseUnitTestRuntimeClasspath
net.bytebuddy:byte-buddy:1.9.12=debugUnitTestCompileClasspath,debugUnitTestRuntimeClasspath,releaseUnitTestCompileClasspath,releaseUnitTestRuntimeClasspath
net.i2p.crypto:eddsa:0.2.0=debugAndroidTestRuntimeClasspath,debugRuntimeClasspath,debugUnitTestRuntimeClasspath,releaseRuntimeClasspath,releaseUnitTestRuntimeClasspath
net.java.dev.jna:jna-platform:5.6.0=_internal-unified-test-platform-android-device-provider-ddmlib,_internal-unified-test-platform-android-test-plugin-host-additional-test-output,_internal-unified-test-platform-android-test-plugin-host-apk-installer,_internal-unified-test-platform-android-test-plugin-host-coverage,_internal-unified-test-platform-android-test-plugin-host-device-info,_internal-unified-test-platform-android-test-plugin-host-emulator-control,_internal-unified-test-platform-android-test-plugin-host-logcat,_internal-unified-test-platform-android-test-plugin-result-listener-gradle
net.java.dev.jna:jna:5.6.0=_internal-unified-test-platform-android-device-provider-ddmlib,_internal-unified-test-platform-android-test-plugin-host-additional-test-output,_internal-unified-test-platform-android-test-plugin-host-apk-installer,_internal-unified-test-platform-android-test-plugin-host-coverage,_internal-unified-test-platform-android-test-plugin-host-device-info,_internal-unified-test-platform-android-test-plugin-host-emulator-control,_internal-unified-test-platform-android-test-plugin-host-logcat,_internal-unified-test-platform-android-test-plugin-result-listener-gradle
net.jcip:jcip-annotations:1.0=debugUnitTestCompileClasspath,debugUnitTestRuntimeClasspath,releaseUnitTestCompileClasspath,releaseUnitTestRuntimeClasspath
net.ltgt.gradle.incap:incap:0.2=debugAnnotationProcessorClasspath,releaseAnnotationProcessorClasspath
net.sf.kxml:kxml2:2.3.0=_internal-unified-test-platform-android-device-provider-ddmlib
net.zetetic:sqlcipher-android:4.13.0=debugAndroidTestCompileClasspath,debugAndroidTestRuntimeClasspath,debugCompileClasspath,debugRuntimeClasspath,debugUnitTestCompileClasspath,debugUnitTestRuntimeClasspath,releaseCompileClasspath,releaseRuntimeClasspath,releaseUnitTestCompileClasspath,releaseUnitTestRuntimeClasspath
org.apache-extras.beanshell:bsh:2.0b6=debugUnitTestCompileClasspath,debugUnitTestRuntimeClasspath,releaseUnitTestCompileClasspath,releaseUnitTestRuntimeClasspath
org.bitlet:weupnp:0.1.4=debugAndroidTestRuntimeClasspath,debugRuntimeClasspath,debugUnitTestRuntimeClasspath,releaseRuntimeClasspath,releaseUnitTestRuntimeClasspath
org.bouncycastle:bcprov-jdk15to18:1.82=debugAndroidTestRuntimeClasspath,debugRuntimeClasspath,debugUnitTestRuntimeClasspath,releaseRuntimeClasspath,releaseUnitTestRuntimeClasspath
org.briarproject:dont-kill-me-lib:0.2.8=debugAndroidTestCompileClasspath,debugAndroidTestRuntimeClasspath,debugCompileClasspath,debugRuntimeClasspath,debugUnitTestCompileClasspath,debugUnitTestRuntimeClasspath,releaseCompileClasspath,releaseRuntimeClasspath,releaseUnitTestCompileClasspath,releaseUnitTestRuntimeClasspath
org.briarproject:jtorctl:0.5=debugAndroidTestCompileClasspath,debugAndroidTestRuntimeClasspath,debugCompileClasspath,debugRuntimeClasspath,debugUnitTestCompileClasspath,debugUnitTestRuntimeClasspath,releaseCompileClasspath,releaseRuntimeClasspath,releaseUnitTestCompileClasspath,releaseUnitTestRuntimeClasspath
org.briarproject:lyrebird-android:0.6.2=debugAndroidTestCompileClasspath,debugAndroidTestRuntimeClasspath,debugCompileClasspath,debugRuntimeClasspath,debugUnitTestCompileClasspath,debugUnitTestRuntimeClasspath,releaseCompileClasspath,releaseRuntimeClasspath,releaseUnitTestCompileClasspath,releaseUnitTestRuntimeClasspath
org.briarproject:null-safety:0.1=debugAndroidTestCompileClasspath,debugAndroidTestRuntimeClasspath,debugCompileClasspath,debugRuntimeClasspath,debugUnitTestCompileClasspath,debugUnitTestRuntimeClasspath,releaseCompileClasspath,releaseRuntimeClasspath,releaseUnitTestCompileClasspath,releaseUnitTestRuntimeClasspath
org.briarproject:onionwrapper-android:0.1.4=debugAndroidTestCompileClasspath,debugAndroidTestRuntimeClasspath,debugCompileClasspath,debugRuntimeClasspath,debugUnitTestCompileClasspath,debugUnitTestRuntimeClasspath,releaseCompileClasspath,releaseRuntimeClasspath,releaseUnitTestCompileClasspath,releaseUnitTestRuntimeClasspath
org.briarproject:onionwrapper-core:0.1.4=debugAndroidTestCompileClasspath,debugAndroidTestRuntimeClasspath,debugCompileClasspath,debugRuntimeClasspath,debugUnitTestCompileClasspath,debugUnitTestRuntimeClasspath,releaseCompileClasspath,releaseRuntimeClasspath,releaseUnitTestCompileClasspath,releaseUnitTestRuntimeClasspath
org.briarproject:socks-socket:0.1=debugAndroidTestRuntimeClasspath,debugRuntimeClasspath,debugUnitTestRuntimeClasspath,releaseRuntimeClasspath,releaseUnitTestRuntimeClasspath
org.briarproject:tor-android:0.4.9.9=debugAndroidTestCompileClasspath,debugAndroidTestRuntimeClasspath,debugCompileClasspath,debugRuntimeClasspath,debugUnitTestCompileClasspath,debugUnitTestRuntimeClasspath,releaseCompileClasspath,releaseRuntimeClasspath,releaseUnitTestCompileClasspath,releaseUnitTestRuntimeClasspath
org.checkerframework:checker-compat-qual:2.5.5=debugAnnotationProcessorClasspath,releaseAnnotationProcessorClasspath
org.checkerframework:checker-qual:3.33.0=_internal-unified-test-platform-android-driver-instrumentation,_internal-unified-test-platform-android-test-plugin,_internal-unified-test-platform-core,_internal-unified-test-platform-launcher
org.checkerframework:checker-qual:3.41.0=debugAnnotationProcessorClasspath,releaseAnnotationProcessorClasspath
org.checkerframework:checker-qual:3.43.0=_internal-unified-test-platform-android-device-provider-ddmlib,_internal-unified-test-platform-android-test-plugin-host-additional-test-output,_internal-unified-test-platform-android-test-plugin-host-apk-installer,_internal-unified-test-platform-android-test-plugin-host-coverage,_internal-unified-test-platform-android-test-plugin-host-device-info,_internal-unified-test-platform-android-test-plugin-host-emulator-control,_internal-unified-test-platform-android-test-plugin-host-logcat,_internal-unified-test-platform-android-test-plugin-result-listener-gradle
org.codehaus.mojo:animal-sniffer-annotations:1.23=_internal-unified-test-platform-core
org.codehaus.mojo:animal-sniffer-annotations:1.24=_internal-unified-test-platform-android-test-plugin-host-emulator-control,_internal-unified-test-platform-android-test-plugin-result-listener-gradle
org.hamcrest:hamcrest-core:2.1=debugUnitTestCompileClasspath,debugUnitTestRuntimeClasspath,releaseUnitTestCompileClasspath,releaseUnitTestRuntimeClasspath
org.hamcrest:hamcrest-library:2.1=debugUnitTestCompileClasspath,debugUnitTestRuntimeClasspath,releaseUnitTestCompileClasspath,releaseUnitTestRuntimeClasspath
org.hamcrest:hamcrest:2.1=debugUnitTestCompileClasspath,debugUnitTestRuntimeClasspath,releaseUnitTestCompileClasspath,releaseUnitTestRuntimeClasspath
org.jetbrains.kotlin:kotlin-reflect:1.6.10=debugAnnotationProcessorClasspath,releaseAnnotationProcessorClasspath
org.jetbrains.kotlin:kotlin-reflect:1.8.21=_internal-unified-test-platform-android-device-provider-ddmlib,_internal-unified-test-platform-android-driver-instrumentation,_internal-unified-test-platform-android-test-plugin,_internal-unified-test-platform-android-test-plugin-host-additional-test-output,_internal-unified-test-platform-android-test-plugin-host-apk-installer,_internal-unified-test-platform-android-test-plugin-host-coverage,_internal-unified-test-platform-android-test-plugin-host-device-info,_internal-unified-test-platform-android-test-plugin-host-emulator-control,_internal-unified-test-platform-android-test-plugin-host-logcat,_internal-unified-test-platform-android-test-plugin-result-listener-gradle,_internal-unified-test-platform-core,_internal-unified-test-platform-launcher
org.jetbrains.kotlin:kotlin-stdlib-common:1.8.21=_internal-unified-test-platform-android-test-plugin,_internal-unified-test-platform-core
org.jetbrains.kotlin:kotlin-stdlib-common:1.9.0=_internal-unified-test-platform-android-driver-instrumentation,_internal-unified-test-platform-launcher
org.jetbrains.kotlin:kotlin-stdlib-common:1.9.10=debugAndroidTestCompileClasspath,debugAndroidTestRuntimeClasspath,debugCompileClasspath,debugRuntimeClasspath,debugUnitTestCompileClasspath,debugUnitTestRuntimeClasspath,releaseCompileClasspath,releaseRuntimeClasspath,releaseUnitTestCompileClasspath,releaseUnitTestRuntimeClasspath
org.jetbrains.kotlin:kotlin-stdlib-common:2.2.0=_internal-unified-test-platform-android-device-provider-ddmlib,_internal-unified-test-platform-android-test-plugin-host-additional-test-output,_internal-unified-test-platform-android-test-plugin-host-apk-installer,_internal-unified-test-platform-android-test-plugin-host-coverage,_internal-unified-test-platform-android-test-plugin-host-device-info,_internal-unified-test-platform-android-test-plugin-host-emulator-control,_internal-unified-test-platform-android-test-plugin-host-logcat,_internal-unified-test-platform-android-test-plugin-result-listener-gradle
org.jetbrains.kotlin:kotlin-stdlib-jdk7:1.8.20=_internal-unified-test-platform-android-driver-instrumentation,_internal-unified-test-platform-android-test-plugin,_internal-unified-test-platform-core,_internal-unified-test-platform-launcher
org.jetbrains.kotlin:kotlin-stdlib-jdk7:1.9.0=debugAnnotationProcessorClasspath,releaseAnnotationProcessorClasspath
org.jetbrains.kotlin:kotlin-stdlib-jdk7:1.9.10=debugAndroidTestRuntimeClasspath,debugRuntimeClasspath,debugUnitTestRuntimeClasspath,releaseRuntimeClasspath,releaseUnitTestRuntimeClasspath
org.jetbrains.kotlin:kotlin-stdlib-jdk7:2.2.0=_internal-unified-test-platform-android-device-provider-ddmlib,_internal-unified-test-platform-android-test-plugin-host-additional-test-output,_internal-unified-test-platform-android-test-plugin-host-apk-installer,_internal-unified-test-platform-android-test-plugin-host-coverage,_internal-unified-test-platform-android-test-plugin-host-device-info,_internal-unified-test-platform-android-test-plugin-host-emulator-control,_internal-unified-test-platform-android-test-plugin-host-logcat,_internal-unified-test-platform-android-test-plugin-result-listener-gradle
org.jetbrains.kotlin:kotlin-stdlib-jdk8:1.8.20=_internal-unified-test-platform-android-driver-instrumentation,_internal-unified-test-platform-android-test-plugin,_internal-unified-test-platform-core,_internal-unified-test-platform-launcher
org.jetbrains.kotlin:kotlin-stdlib-jdk8:1.9.0=debugAnnotationProcessorClasspath,releaseAnnotationProcessorClasspath
org.jetbrains.kotlin:kotlin-stdlib-jdk8:1.9.10=debugAndroidTestRuntimeClasspath,debugRuntimeClasspath,debugUnitTestRuntimeClasspath,releaseRuntimeClasspath,releaseUnitTestRuntimeClasspath
org.jetbrains.kotlin:kotlin-stdlib-jdk8:2.2.0=_internal-unified-test-platform-android-device-provider-ddmlib,_internal-unified-test-platform-android-test-plugin-host-additional-test-output,_internal-unified-test-platform-android-test-plugin-host-apk-installer,_internal-unified-test-platform-android-test-plugin-host-coverage,_internal-unified-test-platform-android-test-plugin-host-device-info,_internal-unified-test-platform-android-test-plugin-host-emulator-control,_internal-unified-test-platform-android-test-plugin-host-logcat,_internal-unified-test-platform-android-test-plugin-result-listener-gradle
org.jetbrains.kotlin:kotlin-stdlib:1.8.21=_internal-unified-test-platform-android-test-plugin,_internal-unified-test-platform-core
org.jetbrains.kotlin:kotlin-stdlib:1.9.0=_internal-unified-test-platform-android-driver-instrumentation,_internal-unified-test-platform-launcher
org.jetbrains.kotlin:kotlin-stdlib:1.9.10=debugAndroidTestCompileClasspath,debugAndroidTestRuntimeClasspath,debugCompileClasspath,debugRuntimeClasspath,debugUnitTestCompileClasspath,debugUnitTestRuntimeClasspath,releaseCompileClasspath,releaseRuntimeClasspath,releaseUnitTestCompileClasspath,releaseUnitTestRuntimeClasspath
org.jetbrains.kotlin:kotlin-stdlib:1.9.20=debugAnnotationProcessorClasspath,releaseAnnotationProcessorClasspath
org.jetbrains.kotlin:kotlin-stdlib:2.2.0=_internal-unified-test-platform-android-device-provider-ddmlib,_internal-unified-test-platform-android-test-plugin-host-additional-test-output,_internal-unified-test-platform-android-test-plugin-host-apk-installer,_internal-unified-test-platform-android-test-plugin-host-coverage,_internal-unified-test-platform-android-test-plugin-host-device-info,_internal-unified-test-platform-android-test-plugin-host-emulator-control,_internal-unified-test-platform-android-test-plugin-host-logcat,_internal-unified-test-platform-android-test-plugin-result-listener-gradle
org.jetbrains.kotlinx:atomicfu-jvm:0.22.0=_internal-unified-test-platform-android-driver-instrumentation,_internal-unified-test-platform-android-test-plugin-host-additional-test-output,_internal-unified-test-platform-android-test-plugin-host-device-info,_internal-unified-test-platform-android-test-plugin-host-emulator-control,_internal-unified-test-platform-android-test-plugin-host-logcat,_internal-unified-test-platform-launcher
org.jetbrains.kotlinx:atomicfu:0.22.0=_internal-unified-test-platform-android-driver-instrumentation,_internal-unified-test-platform-android-test-plugin-host-additional-test-output,_internal-unified-test-platform-android-test-plugin-host-device-info,_internal-unified-test-platform-android-test-plugin-host-emulator-control,_internal-unified-test-platform-android-test-plugin-host-logcat,_internal-unified-test-platform-launcher
org.jetbrains.kotlinx:kotlinx-coroutines-bom:1.7.3=_internal-unified-test-platform-android-device-provider-ddmlib,_internal-unified-test-platform-android-driver-instrumentation,_internal-unified-test-platform-android-test-plugin,_internal-unified-test-platform-android-test-plugin-host-additional-test-output,_internal-unified-test-platform-android-test-plugin-host-apk-installer,_internal-unified-test-platform-android-test-plugin-host-coverage,_internal-unified-test-platform-android-test-plugin-host-device-info,_internal-unified-test-platform-android-test-plugin-host-emulator-control,_internal-unified-test-platform-android-test-plugin-host-logcat,_internal-unified-test-platform-android-test-plugin-result-listener-gradle,_internal-unified-test-platform-core,_internal-unified-test-platform-launcher
org.jetbrains.kotlinx:kotlinx-coroutines-core-jvm:1.7.3=_internal-unified-test-platform-android-device-provider-ddmlib,_internal-unified-test-platform-android-driver-instrumentation,_internal-unified-test-platform-android-test-plugin,_internal-unified-test-platform-android-test-plugin-host-additional-test-output,_internal-unified-test-platform-android-test-plugin-host-apk-installer,_internal-unified-test-platform-android-test-plugin-host-coverage,_internal-unified-test-platform-android-test-plugin-host-device-info,_internal-unified-test-platform-android-test-plugin-host-emulator-control,_internal-unified-test-platform-android-test-plugin-host-logcat,_internal-unified-test-platform-android-test-plugin-result-listener-gradle,_internal-unified-test-platform-core,_internal-unified-test-platform-launcher
org.jetbrains.kotlinx:kotlinx-coroutines-core:1.7.3=_internal-unified-test-platform-android-device-provider-ddmlib,_internal-unified-test-platform-android-test-plugin-host-additional-test-output,_internal-unified-test-platform-android-test-plugin-host-apk-installer,_internal-unified-test-platform-android-test-plugin-host-coverage,_internal-unified-test-platform-android-test-plugin-host-device-info,_internal-unified-test-platform-android-test-plugin-host-emulator-control,_internal-unified-test-platform-android-test-plugin-host-logcat,_internal-unified-test-platform-android-test-plugin-result-listener-gradle,_internal-unified-test-platform-core,_internal-unified-test-platform-launcher
org.jetbrains:annotations:13.0=debugAndroidTestCompileClasspath,debugAndroidTestRuntimeClasspath,debugAnnotationProcessorClasspath,debugCompileClasspath,debugRuntimeClasspath,debugUnitTestCompileClasspath,debugUnitTestRuntimeClasspath,releaseAnnotationProcessorClasspath,releaseCompileClasspath,releaseRuntimeClasspath,releaseUnitTestCompileClasspath,releaseUnitTestRuntimeClasspath
org.jetbrains:annotations:23.0.0=_internal-unified-test-platform-android-device-provider-ddmlib,_internal-unified-test-platform-android-driver-instrumentation,_internal-unified-test-platform-android-test-plugin,_internal-unified-test-platform-android-test-plugin-host-additional-test-output,_internal-unified-test-platform-android-test-plugin-host-apk-installer,_internal-unified-test-platform-android-test-plugin-host-coverage,_internal-unified-test-platform-android-test-plugin-host-device-info,_internal-unified-test-platform-android-test-plugin-host-emulator-control,_internal-unified-test-platform-android-test-plugin-host-logcat,_internal-unified-test-platform-android-test-plugin-result-listener-gradle,_internal-unified-test-platform-core,_internal-unified-test-platform-launcher
org.jmock:jmock-imposters:2.12.0=debugUnitTestCompileClasspath,debugUnitTestRuntimeClasspath,releaseUnitTestCompileClasspath,releaseUnitTestRuntimeClasspath
org.jmock:jmock-junit4:2.12.0=debugUnitTestCompileClasspath,debugUnitTestRuntimeClasspath,releaseUnitTestCompileClasspath,releaseUnitTestRuntimeClasspath
org.jmock:jmock-legacy:2.12.0=debugUnitTestRuntimeClasspath,releaseUnitTestRuntimeClasspath
org.jmock:jmock-testjar:2.12.0=debugUnitTestCompileClasspath,debugUnitTestRuntimeClasspath,releaseUnitTestCompileClasspath,releaseUnitTestRuntimeClasspath
org.jmock:jmock:2.12.0=debugUnitTestCompileClasspath,debugUnitTestRuntimeClasspath,releaseUnitTestCompileClasspath,releaseUnitTestRuntimeClasspath
org.objenesis:objenesis:3.0.1=debugUnitTestCompileClasspath,debugUnitTestRuntimeClasspath,releaseUnitTestCompileClasspath,releaseUnitTestRuntimeClasspath
org.ow2.asm:asm:7.1=debugUnitTestCompileClasspath,debugUnitTestRuntimeClasspath,releaseUnitTestCompileClasspath,releaseUnitTestRuntimeClasspath
org.whispersystems:curve25519-java:0.5.0=debugAndroidTestRuntimeClasspath,debugRuntimeClasspath,debugUnitTestRuntimeClasspath,releaseRuntimeClasspath,releaseUnitTestRuntimeClasspath
empty=androidApis,androidJdkImage,androidTestUtil,coreLibraryDesugaring,debugAndroidTestAnnotationProcessorClasspath,debugUnitTestAnnotationProcessorClasspath,lintChecks,lintPublish,releaseUnitTestAnnotationProcessorClasspath
